[[package]]
name = "beautifulsoup4"
version = "4.9.3"
description = "Screen-scraping library"
category = "main"
optional = false
python-versions = "*"

[package.dependencies]
soupsieve = {version = ">1.2", markers = "python_version >= \"3.0\""}

[package.extras]
html5lib = ["html5lib"]
lxml = ["lxml"]

[[package]]
name = "bracex"
version = "2.1.1"
description = "Bash style brace expander."
category = "main"
optional = false
python-versions = ">=3.6"

[[package]]
name = "certifi"
version = "2020.12.5"
description = "Python package for providing Mozilla's CA Bundle."
category = "main"
optional = false
python-versions = "*"

[[package]]
name = "chardet"
version = "4.0.0"
description = "Universal encoding detector for Python 2 and 3"
category = "main"
optional = false
python-versions = ">=2.7, !=3.0.*, !=3.1.*, !=3.2.*, !=3.3.*, !=3.4.*"

[[package]]
name = "click"
version = "7.1.2"
description = "Composable command line interface toolkit"
category = "main"
optional = false
python-versions = ">=2.7, !=3.0.*, !=3.1.*, !=3.2.*, !=3.3.*, !=3.4.*"

[[package]]
name = "editorconfig"
version = "0.12.3"
description = "EditorConfig File Locator and Interpreter for Python"
category = "main"
optional = false
python-versions = "*"

[[package]]
name = "ghp-import"
version = "2.0.1"
description = "Copy your docs directly to the gh-pages branch."
category = "main"
optional = false
python-versions = "*"

[package.dependencies]
python-dateutil = ">=2.8.1"

[package.extras]
dev = ["flake8", "markdown", "twine", "wheel"]

[[package]]
name = "idna"
version = "2.10"
description = "Internationalized Domain Names in Applications (IDNA)"
category = "main"
optional = false
python-versions = ">=2.7, !=3.0.*, !=3.1.*, !=3.2.*, !=3.3.*"

[[package]]
name = "importlib-metadata"
version = "4.5.0"
description = "Read metadata from Python packages"
category = "main"
optional = false
python-versions = ">=3.6"

[package.dependencies]
zipp = ">=0.5"

[package.extras]
docs = ["jaraco.packaging (>=8.2)", "rst.linker (>=1.9)", "sphinx"]
testing = ["flufl.flake8", "importlib-resources (>=1.3)", "packaging", "pep517", "pyfakefs", "pytest (>=4.6)", "pytest-black (>=0.3.7)", "pytest-checkdocs (>=2.4)", "pytest-cov", "pytest-enabler (>=1.0.1)", "pytest-flake8", "pytest-mypy"]

[[package]]
name = "jinja2"
version = "3.1.2"
description = "A very fast and expressive template engine."
category = "main"
optional = false
python-versions = ">=3.7"

[package.dependencies]
MarkupSafe = ">=2.0"

[package.extras]
i18n = ["Babel (>=2.7)"]

[[package]]
name = "jsbeautifier"
version = "1.13.13"
description = "JavaScript unobfuscator and beautifier."
category = "main"
optional = false
python-versions = "*"

[package.dependencies]
editorconfig = ">=0.12.2"
six = ">=1.13.0"

[[package]]
name = "markdown"
version = "3.3.4"
description = "Python implementation of Markdown."
category = "main"
optional = false
python-versions = ">=3.6"

[package.extras]
testing = ["coverage", "pyyaml"]

[[package]]
name = "markupsafe"
version = "2.1.1"
description = "Safely add untrusted strings to HTML/XML markup."
category = "main"
optional = false
python-versions = ">=3.7"

[[package]]
name = "mergedeep"
version = "1.3.4"
description = "A deep merge function for 🐍."
category = "main"
optional = false
python-versions = ">=3.6"

[[package]]
name = "mkdocs"
version = "1.3.1"
description = "Project documentation with Markdown."
category = "main"
optional = false
python-versions = ">=3.6"

[package.dependencies]
click = ">=3.3"
ghp-import = ">=1.0"
importlib-metadata = ">=4.3"
Jinja2 = ">=2.10.2"
Markdown = ">=3.2.1,<3.4"
mergedeep = ">=1.3.4"
packaging = ">=20.5"
PyYAML = ">=3.10"
pyyaml-env-tag = ">=0.1"
watchdog = ">=2.0"

[package.extras]
i18n = ["babel (>=2.9.0)"]

[[package]]
name = "mkdocs-awesome-pages-plugin"
version = "2.8.0"
description = "An MkDocs plugin that simplifies configuring page titles and their order"
category = "main"
optional = false
python-versions = ">=3.6.2"

[package.dependencies]
mkdocs = ">=1"
natsort = ">=8.1.0"
wcmatch = ">=7"

[[package]]
name = "mkdocs-material"
version = "8.4.2"
description = "Documentation that simply works"
category = "main"
optional = false
python-versions = ">=3.7"

[package.dependencies]
jinja2 = ">=3.0.2"
markdown = ">=3.2"
mkdocs = ">=1.3.0"
mkdocs-material-extensions = ">=1.0.3"
pygments = ">=2.12"
pymdown-extensions = ">=9.4"

[[package]]
name = "mkdocs-material-extensions"
version = "1.0.3"
description = "Extension pack for Python Markdown."
category = "main"
optional = false
python-versions = ">=3.6"

[[package]]
name = "mkdocs-mermaid2-plugin"
version = "0.6.0"
description = "A MkDocs plugin for including mermaid graphs in markdown sources"
category = "main"
optional = false
python-versions = ">=3.5"

[package.dependencies]
beautifulsoup4 = ">=4.6.3"
jsbeautifier = "*"
mkdocs = ">=1.0.4"
mkdocs-material = "*"
pymdown-extensions = ">=8.0"
pyyaml = "*"
requests = "*"

[[package]]
name = "mkdocs-section-index"
version = "0.3.4"
description = "MkDocs plugin to allow clickable sections that lead to an index page"
category = "main"
optional = false
python-versions = ">=3.6,<4.0"

[package.dependencies]
mkdocs = ">=1.1,<2.0"

[[package]]
name = "natsort"
version = "8.1.0"
description = "Simple yet flexible natural sorting in Python."
category = "main"
optional = false
python-versions = ">=3.6"

[package.extras]
fast = ["fastnumbers (>=2.0.0)"]
icu = ["PyICU (>=1.0.0)"]

[[package]]
name = "packaging"
version = "20.9"
description = "Core utilities for Python packages"
category = "main"
optional = false
python-versions = ">=2.7, !=3.0.*, !=3.1.*, !=3.2.*, !=3.3.*"

[package.dependencies]
pyparsing = ">=2.0.2"

[[package]]
name = "pygments"
version = "2.12.0"
description = "Pygments is a syntax highlighting package written in Python."
category = "main"
optional = false
python-versions = ">=3.6"

[[package]]
name = "pymdown-extensions"
version = "9.4"
description = "Extension pack for Python Markdown."
category = "main"
optional = false
python-versions = ">=3.7"

[package.dependencies]
markdown = ">=3.2"

[[package]]
name = "pyparsing"
version = "2.4.7"
description = "Python parsing module"
category = "main"
optional = false
python-versions = ">=2.6, !=3.0.*, !=3.1.*, !=3.2.*"

[[package]]
name = "python-dateutil"
version = "2.8.1"
description = "Extensions to the standard Python datetime module"
category = "main"
optional = false
python-versions = "!=3.0.*,!=3.1.*,!=3.2.*,>=2.7"

[package.dependencies]
six = ">=1.5"

[[package]]
name = "pyyaml"
version = "5.4.1"
description = "YAML parser and emitter for Python"
category = "main"
optional = false
python-versions = ">=2.7, !=3.0.*, !=3.1.*, !=3.2.*, !=3.3.*, !=3.4.*, !=3.5.*"

[[package]]
name = "pyyaml-env-tag"
version = "0.1"
description = "A custom YAML tag for referencing environment variables in YAML files. "
category = "main"
optional = false
python-versions = ">=3.6"

[package.dependencies]
pyyaml = "*"

[[package]]
name = "requests"
version = "2.25.1"
description = "Python HTTP for Humans."
category = "main"
optional = false
python-versions = ">=2.7, !=3.0.*, !=3.1.*, !=3.2.*, !=3.3.*, !=3.4.*"

[package.dependencies]
certifi = ">=2017.4.17"
chardet = ">=3.0.2,<5"
idna = ">=2.5,<3"
urllib3 = ">=1.21.1,<1.27"

[package.extras]
security = ["cryptography (>=1.3.4)", "pyOpenSSL (>=0.14)"]
socks = ["PySocks (>=1.5.6,!=1.5.7)", "win-inet-pton"]

[[package]]
name = "six"
version = "1.15.0"
description = "Python 2 and 3 compatibility utilities"
category = "main"
optional = false
python-versions = ">=2.7, !=3.0.*, !=3.1.*, !=3.2.*"

[[package]]
name = "soupsieve"
version = "2.2.1"
description = "A modern CSS selector implementation for Beautiful Soup."
category = "main"
optional = false
python-versions = ">=3.6"

[[package]]
name = "urllib3"
version = "1.26.5"
description = "HTTP library with thread-safe connection pooling, file post, and more."
category = "main"
optional = false
python-versions = ">=2.7, !=3.0.*, !=3.1.*, !=3.2.*, !=3.3.*, !=3.4.*, <4"

[package.extras]
brotli = ["brotlipy (>=0.6.0)"]
secure = ["certifi", "cryptography (>=1.3.4)", "idna (>=2.0.0)", "ipaddress", "pyOpenSSL (>=0.14)"]
socks = ["PySocks (>=1.5.6,!=1.5.7,<2.0)"]

[[package]]
name = "watchdog"
version = "2.1.2"
description = "Filesystem events monitoring"
category = "main"
optional = false
python-versions = ">=3.6"

[package.extras]
watchmedo = ["PyYAML (>=3.10)", "argh (>=0.24.1)"]

[[package]]
name = "wcmatch"
version = "8.1.2"
description = "Wildcard/glob file name matcher."
category = "main"
optional = false
python-versions = ">=3.6"

[package.dependencies]
bracex = ">=2.1.1"

[[package]]
name = "zipp"
version = "3.4.1"
description = "Backport of pathlib-compatible object wrapper for zip files"
category = "main"
optional = false
python-versions = ">=3.6"

[package.extras]
docs = ["jaraco.packaging (>=8.2)", "rst.linker (>=1.9)", "sphinx"]
testing = ["func-timeout", "jaraco.itertools", "pytest (>=4.6)", "pytest-black (>=0.3.7)", "pytest-checkdocs (>=1.2.3)", "pytest-cov", "pytest-enabler", "pytest-flake8", "pytest-mypy"]

[metadata]
lock-version = "1.1"
python-versions = "^3.8"
content-hash = "7a2bc44c56b810dcc1d205449a79c1ee9913794869e807ba6ce36b1e8f73ade0"

[metadata.files]
beautifulsoup4 = [
    {file = "beautifulsoup4-4.9.3-py2-none-any.whl", hash = "sha256:4c98143716ef1cb40bf7f39a8e3eec8f8b009509e74904ba3a7b315431577e35"},
    {file = "beautifulsoup4-4.9.3-py3-none-any.whl", hash = "sha256:fff47e031e34ec82bf17e00da8f592fe7de69aeea38be00523c04623c04fb666"},
    {file = "beautifulsoup4-4.9.3.tar.gz", hash = "sha256:84729e322ad1d5b4d25f805bfa05b902dd96450f43842c4e99067d5e1369eb25"},
]
bracex = [
    {file = "bracex-2.1.1-py3-none-any.whl", hash = "sha256:64e2a6d14de9c8e022cf40539ac8468ba7c4b99550a2b05fc87fd20e392e568f"},
    {file = "bracex-2.1.1.tar.gz", hash = "sha256:01f715cd0ed7a622ec8b32322e715813f7574de531f09b70f6f3b2c10f682425"},
]
certifi = [
    {file = "certifi-2020.12.5-py2.py3-none-any.whl", hash = "sha256:719a74fb9e33b9bd44cc7f3a8d94bc35e4049deebe19ba7d8e108280cfd59830"},
    {file = "certifi-2020.12.5.tar.gz", hash = "sha256:1a4995114262bffbc2413b159f2a1a480c969de6e6eb13ee966d470af86af59c"},
]
chardet = [
    {file = "chardet-4.0.0-py2.py3-none-any.whl", hash = "sha256:f864054d66fd9118f2e67044ac8981a54775ec5b67aed0441892edb553d21da5"},
    {file = "chardet-4.0.0.tar.gz", hash = "sha256:0d6f53a15db4120f2b08c94f11e7d93d2c911ee118b6b30a04ec3ee8310179fa"},
]
click = [
    {file = "click-7.1.2-py2.py3-none-any.whl", hash = "sha256:dacca89f4bfadd5de3d7489b7c8a566eee0d3676333fbb50030263894c38c0dc"},
    {file = "click-7.1.2.tar.gz", hash = "sha256:d2b5255c7c6349bc1bd1e59e08cd12acbbd63ce649f2588755783aa94dfb6b1a"},
]
editorconfig = [
    {file = "EditorConfig-0.12.3-py3-none-any.whl", hash = "sha256:6b0851425aa875b08b16789ee0eeadbd4ab59666e9ebe728e526314c4a2e52c1"},
    {file = "EditorConfig-0.12.3.tar.gz", hash = "sha256:57f8ce78afcba15c8b18d46b5170848c88d56fd38f05c2ec60dbbfcb8996e89e"},
]
ghp-import = [
    {file = "ghp-import-2.0.1.tar.gz", hash = "sha256:753de2eace6e0f7d4edfb3cce5e3c3b98cd52aadb80163303d1d036bda7b4483"},
    {file = "ghp_import-2.0.1-py3-none-any.whl", hash = "sha256:8241a8e9f8dd3c1fafe9696e6e081b57a208ef907e9939c44e7415e407ab40ea"},
]
idna = [
    {file = "idna-2.10-py2.py3-none-any.whl", hash = "sha256:b97d804b1e9b523befed77c48dacec60e6dcb0b5391d57af6a65a312a90648c0"},
    {file = "idna-2.10.tar.gz", hash = "sha256:b307872f855b18632ce0c21c5e45be78c0ea7ae4c15c828c20788b26921eb3f6"},
]
importlib-metadata = [
    {file = "importlib_metadata-4.5.0-py3-none-any.whl", hash = "sha256:833b26fb89d5de469b24a390e9df088d4e52e4ba33b01dc5e0e4f41b81a16c00"},
    {file = "importlib_metadata-4.5.0.tar.gz", hash = "sha256:b142cc1dd1342f31ff04bb7d022492b09920cb64fed867cd3ea6f80fe3ebd139"},
]
jinja2 = [
    {file = "Jinja2-3.1.2-py3-none-any.whl", hash = "sha256:6088930bfe239f0e6710546ab9c19c9ef35e29792895fed6e6e31a023a182a61"},
    {file = "Jinja2-3.1.2.tar.gz", hash = "sha256:31351a702a408a9e7595a8fc6150fc3f43bb6bf7e319770cbc0db9df9437e852"},
]
jsbeautifier = [
    {file = "jsbeautifier-1.13.13.tar.gz", hash = "sha256:8ef6d9fa015df8efa578ad7f210184c4a78903b939b5ac877da229ffa5573a12"},
]
markdown = [
    {file = "Markdown-3.3.4-py3-none-any.whl", hash = "sha256:96c3ba1261de2f7547b46a00ea8463832c921d3f9d6aba3f255a6f71386db20c"},
    {file = "Markdown-3.3.4.tar.gz", hash = "sha256:31b5b491868dcc87d6c24b7e3d19a0d730d59d3e46f4eea6430a321bed387a49"},
]
markupsafe = [
    {file = "MarkupSafe-2.1.1-cp310-cp310-macosx_10_9_universal2.whl", hash = "sha256:86b1f75c4e7c2ac2ccdaec2b9022845dbb81880ca318bb7a0a01fbf7813e3812"},
    {file = "MarkupSafe-2.1.1-cp310-cp310-macosx_10_9_x86_64.whl", hash = "sha256:f121a1420d4e173a5d96e47e9a0c0dcff965afdf1626d28de1460815f7c4ee7a"},
    {file = "MarkupSafe-2.1.1-cp310-cp310-manylinux_2_17_aarch64.manylinux2014_aarch64.whl", hash = "sha256:a49907dd8420c5685cfa064a1335b6754b74541bbb3706c259c02ed65b644b3e"},
    {file = "MarkupSafe-2.1.1-cp310-cp310-manylinux_2_17_x86_64.manylinux2014_x86_64.whl", hash = "sha256:10c1bfff05d95783da83491be968e8fe789263689c02724e0c691933c52994f5"},
    {file = "MarkupSafe-2.1.1-cp310-cp310-manylinux_2_5_i686.manylinux1_i686.manylinux_2_17_i686.manylinux2014_i686.whl", hash = "sha256:b7bd98b796e2b6553da7225aeb61f447f80a1ca64f41d83612e6139ca5213aa4"},
    {file = "MarkupSafe-2.1.1-cp310-cp310-musllinux_1_1_aarch64.whl", hash = "sha256:b09bf97215625a311f669476f44b8b318b075847b49316d3e28c08e41a7a573f"},
    {file = "MarkupSafe-2.1.1-cp310-cp310-musllinux_1_1_i686.whl", hash = "sha256:694deca8d702d5db21ec83983ce0bb4b26a578e71fbdbd4fdcd387daa90e4d5e"},
    {file = "MarkupSafe-2.1.1-cp310-cp310-musllinux_1_1_x86_64.whl", hash = "sha256:efc1913fd2ca4f334418481c7e595c00aad186563bbc1ec76067848c7ca0a933"},
    {file = "MarkupSafe-2.1.1-cp310-cp310-win32.whl", hash = "sha256:4a33dea2b688b3190ee12bd7cfa29d39c9ed176bda40bfa11099a3ce5d3a7ac6"},
    {file = "MarkupSafe-2.1.1-cp310-cp310-win_amd64.whl", hash = "sha256:dda30ba7e87fbbb7eab1ec9f58678558fd9a6b8b853530e176eabd064da81417"},
    {file = "MarkupSafe-2.1.1-cp37-cp37m-macosx_10_9_x86_64.whl", hash = "sha256:671cd1187ed5e62818414afe79ed29da836dde67166a9fac6d435873c44fdd02"},
    {file = "MarkupSafe-2.1.1-cp37-cp37m-manylinux_2_17_aarch64.manylinux2014_aarch64.whl", hash = "sha256:3799351e2336dc91ea70b034983ee71cf2f9533cdff7c14c90ea126bfd95d65a"},
    {file = "MarkupSafe-2.1.1-cp37-cp37m-manylinux_2_17_x86_64.manylinux2014_x86_64.whl", hash = "sha256:e72591e9ecd94d7feb70c1cbd7be7b3ebea3f548870aa91e2732960fa4d57a37"},
    {file = "MarkupSafe-2.1.1-cp37-cp37m-manylinux_2_5_i686.manylinux1_i686.manylinux_2_17_i686.manylinux2014_i686.whl", hash = "sha256:6fbf47b5d3728c6aea2abb0589b5d30459e369baa772e0f37a0320185e87c980"},
    {file = "MarkupSafe-2.1.1-cp37-cp37m-musllinux_1_1_aarch64.whl", hash = "sha256:d5ee4f386140395a2c818d149221149c54849dfcfcb9f1debfe07a8b8bd63f9a"},
    {file = "MarkupSafe-2.1.1-cp37-cp37m-musllinux_1_1_i686.whl", hash = "sha256:bcb3ed405ed3222f9904899563d6fc492ff75cce56cba05e32eff40e6acbeaa3"},
    {file = "MarkupSafe-2.1.1-cp37-cp37m-musllinux_1_1_x86_64.whl", hash = "sha256:e1c0b87e09fa55a220f058d1d49d3fb8df88fbfab58558f1198e08c1e1de842a"},
    {file = "MarkupSafe-2.1.1-cp37-cp37m-win32.whl", hash = "sha256:8dc1c72a69aa7e082593c4a203dcf94ddb74bb5c8a731e4e1eb68d031e8498ff"},
    {file = "MarkupSafe-2.1.1-cp37-cp37m-win_amd64.whl", hash = "sha256:97a68e6ada378df82bc9f16b800ab77cbf4b2fada0081794318520138c088e4a"},
    {file = "MarkupSafe-2.1.1-cp38-cp38-macosx_10_9_universal2.whl", hash = "sha256:e8c843bbcda3a2f1e3c2ab25913c80a3c5376cd00c6e8c4a86a89a28c8dc5452"},
    {file = "MarkupSafe-2.1.1-cp38-cp38-macosx_10_9_x86_64.whl", hash = "sha256:0212a68688482dc52b2d45013df70d169f542b7394fc744c02a57374a4207003"},
    {file = "MarkupSafe-2.1.1-cp38-cp38-manylinux_2_17_aarch64.manylinux2014_aarch64.whl", hash = "sha256:8e576a51ad59e4bfaac456023a78f6b5e6e7651dcd383bcc3e18d06f9b55d6d1"},
    {file = "MarkupSafe-2.1.1-cp38-cp38-manylinux_2_17_x86_64.manylinux2014_x86_64.whl", hash = "sha256:4b9fe39a2ccc108a4accc2676e77da025ce383c108593d65cc909add5c3bd601"},
    {file = "MarkupSafe-2.1.1-cp38-cp38-manylinux_2_5_i686.manylinux1_i686.manylinux_2_17_i686.manylinux2014_i686.whl", hash = "sha256:96e37a3dc86e80bf81758c152fe66dbf60ed5eca3d26305edf01892257049925"},
    {file = "MarkupSafe-2.1.1-cp38-cp38-musllinux_1_1_aarch64.whl", hash = "sha256:6d0072fea50feec76a4c418096652f2c3238eaa014b2f94aeb1d56a66b41403f"},
    {file = "MarkupSafe-2.1.1-cp38-cp38-musllinux_1_1_i686.whl", hash = "sha256:089cf3dbf0cd6c100f02945abeb18484bd1ee57a079aefd52cffd17fba910b88"},
    {file = "MarkupSafe-2.1.1-cp38-cp38-musllinux_1_1_x86_64.whl", hash = "sha256:6a074d34ee7a5ce3effbc526b7083ec9731bb3cbf921bbe1d3005d4d2bdb3a63"},
    {file = "MarkupSafe-2.1.1-cp38-cp38-win32.whl", hash = "sha256:421be9fbf0ffe9ffd7a378aafebbf6f4602d564d34be190fc19a193232fd12b1"},
    {file = "MarkupSafe-2.1.1-cp38-cp38-win_amd64.whl", hash = "sha256:fc7b548b17d238737688817ab67deebb30e8073c95749d55538ed473130ec0c7"},
    {file = "MarkupSafe-2.1.1-cp39-cp39-macosx_10_9_universal2.whl", hash = "sha256:e04e26803c9c3851c931eac40c695602c6295b8d432cbe78609649ad9bd2da8a"},
    {file = "MarkupSafe-2.1.1-cp39-cp39-macosx_10_9_x86_64.whl", hash = "sha256:b87db4360013327109564f0e591bd2a3b318547bcef31b468a92ee504d07ae4f"},
    {file = "MarkupSafe-2.1.1-cp39-cp39-manylinux_2_17_aarch64.manylinux2014_aarch64.whl", hash = "sha256:99a2a507ed3ac881b975a2976d59f38c19386d128e7a9a18b7df6fff1fd4c1d6"},
    {file = "MarkupSafe-2.1.1-cp39-cp39-manylinux_2_17_x86_64.manylinux2014_x86_64.whl", hash = "sha256:56442863ed2b06d19c37f94d999035e15ee982988920e12a5b4ba29b62ad1f77"},
    {file = "MarkupSafe-2.1.1-cp39-cp39-manylinux_2_5_i686.manylinux1_i686.manylinux_2_17_i686.manylinux2014_i686.whl", hash = "sha256:3ce11ee3f23f79dbd06fb3d63e2f6af7b12db1d46932fe7bd8afa259a5996603"},
    {file = "MarkupSafe-2.1.1-cp39-cp39-musllinux_1_1_aarch64.whl", hash = "sha256:33b74d289bd2f5e527beadcaa3f401e0df0a89927c1559c8566c066fa4248ab7"},
    {file = "MarkupSafe-2.1.1-cp39-cp39-musllinux_1_1_i686.whl", hash = "sha256:43093fb83d8343aac0b1baa75516da6092f58f41200907ef92448ecab8825135"},
    {file = "MarkupSafe-2.1.1-cp39-cp39-musllinux_1_1_x86_64.whl", hash = "sha256:8e3dcf21f367459434c18e71b2a9532d96547aef8a871872a5bd69a715c15f96"},
    {file = "MarkupSafe-2.1.1-cp39-cp39-win32.whl", hash = "sha256:d4306c36ca495956b6d568d276ac11fdd9c30a36f1b6eb928070dc5360b22e1c"},
    {file = "MarkupSafe-2.1.1-cp39-cp39-win_amd64.whl", hash = "sha256:46d00d6cfecdde84d40e572d63735ef81423ad31184100411e6e3388d405e247"},
    {file = "MarkupSafe-2.1.1.tar.gz", hash = "sha256:7f91197cc9e48f989d12e4e6fbc46495c446636dfc81b9ccf50bb0ec74b91d4b"},
]
mergedeep = [
    {file = "mergedeep-1.3.4-py3-none-any.whl", hash = "sha256:70775750742b25c0d8f36c55aed03d24c3384d17c951b3175d898bd778ef0307"},
    {file = "mergedeep-1.3.4.tar.gz", hash = "sha256:0096d52e9dad9939c3d975a774666af186eda617e6ca84df4c94dec30004f2a8"},
]
mkdocs = [
    {file = "mkdocs-1.3.1-py3-none-any.whl", hash = "sha256:fda92466393127d2da830bc6edc3a625a14b436316d1caf347690648e774c4f0"},
    {file = "mkdocs-1.3.1.tar.gz", hash = "sha256:a41a2ff25ce3bbacc953f9844ba07d106233cd76c88bac1f59cb1564ac0d87ed"},
]
mkdocs-awesome-pages-plugin = [
    {file = "mkdocs-awesome-pages-plugin-2.8.0.tar.gz", hash = "sha256:af7e327e14b2eea3b2735c37428e33a528ecd2d9ae2296dc0f1632f0f3bc28f7"},
    {file = "mkdocs_awesome_pages_plugin-2.8.0-py3-none-any.whl", hash = "sha256:6b21ad4f41aecbe89e3a9a51f8837892cc7ce8ca0f9f4e0a355d56159ace3d68"},
]
mkdocs-material = [
    {file = "mkdocs-material-8.4.2.tar.gz", hash = "sha256:704c64c3fff126a3923c2961d95f26b19be621342a6a4e49ed039f0bb7a5c540"},
    {file = "mkdocs_material-8.4.2-py2.py3-none-any.whl", hash = "sha256:166287bb0e4197804906bf0389a852d5ced43182c30127ac8b48a4e497ecd7e5"},
]
mkdocs-material-extensions = [
    {file = "mkdocs-material-extensions-1.0.3.tar.gz", hash = "sha256:bfd24dfdef7b41c312ede42648f9eb83476ea168ec163b613f9abd12bbfddba2"},
    {file = "mkdocs_material_extensions-1.0.3-py3-none-any.whl", hash = "sha256:a82b70e533ce060b2a5d9eb2bc2e1be201cf61f901f93704b4acf6e3d5983a44"},
]
mkdocs-mermaid2-plugin = [
    {file = "mkdocs-mermaid2-plugin-0.6.0.tar.gz", hash = "sha256:99cca6db7c6b4a954a701dcb6b507191bc32a7b0b47eacf2885c1bacf77d1af1"},
    {file = "mkdocs_mermaid2_plugin-0.6.0-py3-none-any.whl", hash = "sha256:ffbe8a7daa7ed718cb800c44c5ce4c0ff413caebf7b8b63d9c4a998dfd78a64d"},
]
mkdocs-section-index = [
    {file = "mkdocs-section-index-0.3.4.tar.gz", hash = "sha256:050151bfe7c0e374f197335e0ecb19c45b53dbafc0f817aa203f0cc24bcf7d10"},
    {file = "mkdocs_section_index-0.3.4-py3-none-any.whl", hash = "sha256:214f7a6df9d35a5772e9577f3899ff3edd90044064589e6dd4d84615b72a8024"},
]
natsort = [
    {file = "natsort-8.1.0-py3-none-any.whl", hash = "sha256:f59988d2f24e77b6b56f8a8f882d5df6b3b637e09e075abc67b486d59fba1a4b"},
    {file = "natsort-8.1.0.tar.gz", hash = "sha256:c7c1f3f27c375719a4dfcab353909fe39f26c2032a062a8c80cc844eaaca0445"},
]
packaging = [
    {file = "packaging-20.9-py2.py3-none-any.whl", hash = "sha256:67714da7f7bc052e064859c05c595155bd1ee9f69f76557e21f051443c20947a"},
    {file = "packaging-20.9.tar.gz", hash = "sha256:5b327ac1320dc863dca72f4514ecc086f31186744b84a230374cc1fd776feae5"},
]
pygments = [
    {file = "Pygments-2.12.0-py3-none-any.whl", hash = "sha256:dc9c10fb40944260f6ed4c688ece0cd2048414940f1cea51b8b226318411c519"},
    {file = "Pygments-2.12.0.tar.gz", hash = "sha256:5eb116118f9612ff1ee89ac96437bb6b49e8f04d8a13b514ba26f620208e26eb"},
]
pymdown-extensions = [
    {file = "pymdown_extensions-9.4-py3-none-any.whl", hash = "sha256:5b7432456bf555ce2b0ab3c2439401084cda8110f24f6b3ecef952b8313dfa1b"},
    {file = "pymdown_extensions-9.4.tar.gz", hash = "sha256:1baa22a60550f731630474cad28feb0405c8101f1a7ddc3ec0ed86ee510bcc43"},
]
pyparsing = [
    {file = "pyparsing-2.4.7-py2.py3-none-any.whl", hash = "sha256:ef9d7589ef3c200abe66653d3f1ab1033c3c419ae9b9bdb1240a85b024efc88b"},
    {file = "pyparsing-2.4.7.tar.gz", hash = "sha256:c203ec8783bf771a155b207279b9bccb8dea02d8f0c9e5f8ead507bc3246ecc1"},
]
python-dateutil = [
    {file = "python-dateutil-2.8.1.tar.gz", hash = "sha256:73ebfe9dbf22e832286dafa60473e4cd239f8592f699aa5adaf10050e6e1823c"},
    {file = "python_dateutil-2.8.1-py2.py3-none-any.whl", hash = "sha256:75bb3f31ea686f1197762692a9ee6a7550b59fc6ca3a1f4b5d7e32fb98e2da2a"},
]
pyyaml = [
    {file = "PyYAML-5.4.1-cp27-cp27m-macosx_10_9_x86_64.whl", hash = "sha256:3b2b1824fe7112845700f815ff6a489360226a5609b96ec2190a45e62a9fc922"},
    {file = "PyYAML-5.4.1-cp27-cp27m-win32.whl", hash = "sha256:129def1b7c1bf22faffd67b8f3724645203b79d8f4cc81f674654d9902cb4393"},
    {file = "PyYAML-5.4.1-cp27-cp27m-win_amd64.whl", hash = "sha256:4465124ef1b18d9ace298060f4eccc64b0850899ac4ac53294547536533800c8"},
    {file = "PyYAML-5.4.1-cp27-cp27mu-manylinux1_x86_64.whl", hash = "sha256:bb4191dfc9306777bc594117aee052446b3fa88737cd13b7188d0e7aa8162185"},
    {file = "PyYAML-5.4.1-cp36-cp36m-macosx_10_9_x86_64.whl", hash = "sha256:6c78645d400265a062508ae399b60b8c167bf003db364ecb26dcab2bda048253"},
    {file = "PyYAML-5.4.1-cp36-cp36m-manylinux1_x86_64.whl", hash = "sha256:4e0583d24c881e14342eaf4ec5fbc97f934b999a6828693a99157fde912540cc"},
    {file = "PyYAML-5.4.1-cp36-cp36m-manylinux2014_aarch64.whl", hash = "sha256:72a01f726a9c7851ca9bfad6fd09ca4e090a023c00945ea05ba1638c09dc3347"},
    {file = "PyYAML-5.4.1-cp36-cp36m-manylinux2014_s390x.whl", hash = "sha256:895f61ef02e8fed38159bb70f7e100e00f471eae2bc838cd0f4ebb21e28f8541"},
    {file = "PyYAML-5.4.1-cp36-cp36m-win32.whl", hash = "sha256:3bd0e463264cf257d1ffd2e40223b197271046d09dadf73a0fe82b9c1fc385a5"},
    {file = "PyYAML-5.4.1-cp36-cp36m-win_amd64.whl", hash = "sha256:e4fac90784481d221a8e4b1162afa7c47ed953be40d31ab4629ae917510051df"},
    {file = "PyYAML-5.4.1-cp37-cp37m-macosx_10_9_x86_64.whl", hash = "sha256:5accb17103e43963b80e6f837831f38d314a0495500067cb25afab2e8d7a4018"},
    {file = "PyYAML-5.4.1-cp37-cp37m-manylinux1_x86_64.whl", hash = "sha256:e1d4970ea66be07ae37a3c2e48b5ec63f7ba6804bdddfdbd3cfd954d25a82e63"},
    {file = "PyYAML-5.4.1-cp37-cp37m-manylinux2014_aarch64.whl", hash = "sha256:cb333c16912324fd5f769fff6bc5de372e9e7a202247b48870bc251ed40239aa"},
    {file = "PyYAML-5.4.1-cp37-cp37m-manylinux2014_s390x.whl", hash = "sha256:fe69978f3f768926cfa37b867e3843918e012cf83f680806599ddce33c2c68b0"},
    {file = "PyYAML-5.4.1-cp37-cp37m-win32.whl", hash = "sha256:dd5de0646207f053eb0d6c74ae45ba98c3395a571a2891858e87df7c9b9bd51b"},
    {file = "PyYAML-5.4.1-cp37-cp37m-win_amd64.whl", hash = "sha256:08682f6b72c722394747bddaf0aa62277e02557c0fd1c42cb853016a38f8dedf"},
    {file = "PyYAML-5.4.1-cp38-cp38-macosx_10_9_x86_64.whl", hash = "sha256:d2d9808ea7b4af864f35ea216be506ecec180628aced0704e34aca0b040ffe46"},
    {file = "PyYAML-5.4.1-cp38-cp38-manylinux1_x86_64.whl", hash = "sha256:8c1be557ee92a20f184922c7b6424e8ab6691788e6d86137c5d93c1a6ec1b8fb"},
    {file = "PyYAML-5.4.1-cp38-cp38-manylinux2014_aarch64.whl", hash = "sha256:fd7f6999a8070df521b6384004ef42833b9bd62cfee11a09bda1079b4b704247"},
    {file = "PyYAML-5.4.1-cp38-cp38-manylinux2014_s390x.whl", hash = "sha256:bfb51918d4ff3d77c1c856a9699f8492c612cde32fd3bcd344af9be34999bfdc"},
    {file = "PyYAML-5.4.1-cp38-cp38-win32.whl", hash = "sha256:fa5ae20527d8e831e8230cbffd9f8fe952815b2b7dae6ffec25318803a7528fc"},
    {file = "PyYAML-5.4.1-cp38-cp38-win_amd64.whl", hash = "sha256:0f5f5786c0e09baddcd8b4b45f20a7b5d61a7e7e99846e3c799b05c7c53fa696"},
    {file = "PyYAML-5.4.1-cp39-cp39-macosx_10_9_x86_64.whl", hash = "sha256:294db365efa064d00b8d1ef65d8ea2c3426ac366c0c4368d930bf1c5fb497f77"},
    {file = "PyYAML-5.4.1-cp39-cp39-manylinux1_x86_64.whl", hash = "sha256:74c1485f7707cf707a7aef42ef6322b8f97921bd89be2ab6317fd782c2d53183"},
    {file = "PyYAML-5.4.1-cp39-cp39-manylinux2014_aarch64.whl", hash = "sha256:d483ad4e639292c90170eb6f7783ad19490e7a8defb3e46f97dfe4bacae89122"},
    {file = "PyYAML-5.4.1-cp39-cp39-manylinux2014_s390x.whl", hash = "sha256:fdc842473cd33f45ff6bce46aea678a54e3d21f1b61a7750ce3c498eedfe25d6"},
    {file = "PyYAML-5.4.1-cp39-cp39-win32.whl", hash = "sha256:49d4cdd9065b9b6e206d0595fee27a96b5dd22618e7520c33204a4a3239d5b10"},
    {file = "PyYAML-5.4.1-cp39-cp39-win_amd64.whl", hash = "sha256:c20cfa2d49991c8b4147af39859b167664f2ad4561704ee74c1de03318e898db"},
    {file = "PyYAML-5.4.1.tar.gz", hash = "sha256:607774cbba28732bfa802b54baa7484215f530991055bb562efbed5b2f20a45e"},
]
pyyaml-env-tag = [
    {file = "pyyaml_env_tag-0.1-py3-none-any.whl", hash = "sha256:af31106dec8a4d68c60207c1886031cbf839b68aa7abccdb19868200532c2069"},
    {file = "pyyaml_env_tag-0.1.tar.gz", hash = "sha256:70092675bda14fdec33b31ba77e7543de9ddc88f2e5b99160396572d11525bdb"},
]
requests = [
    {file = "requests-2.25.1-py2.py3-none-any.whl", hash = "sha256:c210084e36a42ae6b9219e00e48287def368a26d03a048ddad7bfee44f75871e"},
    {file = "requests-2.25.1.tar.gz", hash = "sha256:27973dd4a904a4f13b263a19c866c13b92a39ed1c964655f025f3f8d3d75b804"},
]
six = [
    {file = "six-1.15.0-py2.py3-none-any.whl", hash = "sha256:8b74bedcbbbaca38ff6d7491d76f2b06b3592611af620f8426e82dddb04a5ced"},
    {file = "six-1.15.0.tar.gz", hash = "sha256:30639c035cdb23534cd4aa2dd52c3bf48f06e5f4a941509c8bafd8ce11080259"},
]
soupsieve = [
    {file = "soupsieve-2.2.1-py3-none-any.whl", hash = "sha256:c2c1c2d44f158cdbddab7824a9af8c4f83c76b1e23e049479aa432feb6c4c23b"},
    {file = "soupsieve-2.2.1.tar.gz", hash = "sha256:052774848f448cf19c7e959adf5566904d525f33a3f8b6ba6f6f8f26ec7de0cc"},
]
urllib3 = [
    {file = "urllib3-1.26.5-py2.py3-none-any.whl", hash = "sha256:753a0374df26658f99d826cfe40394a686d05985786d946fbe4165b5148f5a7c"},
    {file = "urllib3-1.26.5.tar.gz", hash = "sha256:a7acd0977125325f516bda9735fa7142b909a8d01e8b2e4c8108d0984e6e0098"},
]
watchdog = [
    {file = "watchdog-2.1.2-cp36-cp36m-macosx_10_9_x86_64.whl", hash = "sha256:581e3548159fe7d2a9f377a1fbcb41bdcee46849cca8ab803c7ac2e5e04ec77c"},
    {file = "watchdog-2.1.2-cp37-cp37m-macosx_10_9_x86_64.whl", hash = "sha256:edcd9ef3fd460bb8a98eb1fcf99941e9fd9f275f45f1a82cb1359ec92975d647"},
    {file = "watchdog-2.1.2-cp38-cp38-macosx_10_9_x86_64.whl", hash = "sha256:d34ce2261f118ecd57eedeef95fc2a495fc4a40b3ed7b3bf0bd7a8ccc1ab4f8f"},
    {file = "watchdog-2.1.2-cp39-cp39-macosx_10_9_x86_64.whl", hash = "sha256:668391e6c32742d76e5be5db6bf95c455fa4b3d11e76a77c13b39bccb3a47a72"},
    {file = "watchdog-2.1.2-pp36-pypy36_pp73-macosx_10_9_x86_64.whl", hash = "sha256:6ef9fe57162c4c361692620e1d9167574ba1975ee468b24051ca11c9bba6438e"},
    {file = "watchdog-2.1.2-pp37-pypy37_pp73-macosx_10_9_x86_64.whl", hash = "sha256:58ebb1095ee493008a7789d47dd62e4999505d82be89fc884d473086fccc6ebd"},
    {file = "watchdog-2.1.2-py3-none-manylinux2014_aarch64.whl", hash = "sha256:91387ee2421f30b75f7ff632c9d48f76648e56bf346a7c805c0a34187a93aab4"},
    {file = "watchdog-2.1.2-py3-none-manylinux2014_armv7l.whl", hash = "sha256:a6471517315a8541a943c00b45f1d252e36898a3ae963d2d52509b89a50cb2b9"},
    {file = "watchdog-2.1.2-py3-none-manylinux2014_i686.whl", hash = "sha256:a42e6d652f820b2b94cd03156c62559a2ea68d476476dfcd77d931e7f1012d4a"},
    {file = "watchdog-2.1.2-py3-none-manylinux2014_ppc64.whl", hash = "sha256:3d6405681471ebe0beb3aa083998c4870e48b57f8afdb45ea1b5957cc5cf1014"},
    {file = "watchdog-2.1.2-py3-none-manylinux2014_ppc64le.whl", hash = "sha256:598d772beeaf9c98d0df946fbabf0c8365dd95ea46a250c224c725fe0c4730bc"},
    {file = "watchdog-2.1.2-py3-none-manylinux2014_s390x.whl", hash = "sha256:4b219d46d89cfa49af1d73175487c14a318a74cb8c5442603fd13c6a5b418c86"},
    {file = "watchdog-2.1.2-py3-none-manylinux2014_x86_64.whl", hash = "sha256:188145185c08c73c56f1478ccf1f0f0f85101191439679b35b6b100886ce0b39"},
    {file = "watchdog-2.1.2-py3-none-win32.whl", hash = "sha256:255a32d44bbbe62e52874ff755e2eefe271b150e0ec240ad7718a62a7a7a73c4"},
    {file = "watchdog-2.1.2-py3-none-win_amd64.whl", hash = "sha256:1a62a4671796dc93d1a7262286217d9e75823c63d4c42782912d39a506d30046"},
    {file = "watchdog-2.1.2-py3-none-win_ia64.whl", hash = "sha256:104266a778906ae0e971368d368a65c4cd032a490a9fca5ba0b78c6c7ae11720"},
    {file = "watchdog-2.1.2.tar.gz", hash = "sha256:0237db4d9024859bea27d0efb59fe75eef290833fd988b8ead7a879b0308c2db"},
]
wcmatch = [
    {file = "wcmatch-8.1.2-py3-none-any.whl", hash = "sha256:7e112f62e2482d8417bbfa8f7bb715e98841fd15132a46c0a657ceb59302d24d"},
    {file = "wcmatch-8.1.2.tar.gz", hash = "sha256:efda751de15201b395b6d6e64e6ae3b6b03dc502a64c3c908aa5cad14c27eee5"},
]
zipp = [
    {file = "zipp-3.4.1-py3-none-any.whl", hash = "sha256:51cb66cc54621609dd593d1787f286ee42a5c0adbb4b29abea5a63edc3e03098"},
    {file = "zipp-3.4.1.tar.gz", hash = "sha256:3607921face881ba3e026887d8150cca609d517579abe052ac81fc5aeffdbd76"},
]
